
Microsoft Visual Studio Solution File, Format Version 12.00
# Visual Studio Version 17
VisualStudioVersion = 17.5.33414.496
MinimumVisualStudioVersion = 10.0.40219.1
Project("{FAE04EC0-301F-11D3-BF4B-00C04F79EFBC}") = "MovieStore", "MovieStore\MovieStore.csproj", "{FD7566FF-F135-46FF-9880-AEAC419DFC9D}"
EndProject
Global
	GlobalSection(SolutionConfigurationPlatforms) = preSolution
		Debug|Any CPU = Debug|Any CPU
		Release|Any CPU = Release|Any CPU
	EndGlobalSection
	GlobalSection(ProjectConfigurationPlatforms) = postSolution
		{FD7566FF-F135-46FF-9880-AEAC419DFC9D}.Debug|Any CPU.ActiveCfg = Debug|Any CPU
		{FD7566FF-F135-46FF-9880-AEAC419DFC9D}.Debug|Any CPU.Build.0 = Debug|Any CPU
		{FD7566FF-F135-46FF-9880-AEAC419DFC9D}.Release|Any CPU.ActiveCfg = Release|Any CPU
		{FD7566FF-F135-46FF-9880-AEAC419DFC9D}.Release|Any CPU.Build.0 = Release|Any CPU
	EndGlobalSection
	GlobalSection(SolutionProperties) = preSolution
		HideSolutionNode = FALSE
	EndGlobalSection
	GlobalSection(ExtensibilityGlobals) = postSolution
		SolutionGuid = {49D38239-9797-496D-A1DB-FB75B1F5ACDB}
	EndGlobalSection
EndGlobal
